{
  "name": "llm-wiki-cli",
  "version": "0.1.0",
  "lockfileVersion": 3,
  "requires": true,
  "packages": {
    "": {
      "name": "llm-wiki-cli",
      "version": "0.1.0",
      "license": "MIT",
      "dependencies": {
        "@clack/prompts": "^0.11.0"
      },
      "bin": {
        "llmwiki": "bin/llmwiki.js"
      },
      "engines": {
        "node": ">=18"
      },
      "optionalDependencies": {
        "@notionhq/client": "^5.23.2"
      }
    },
    "node_modules/@clack/core": {
      "version": "0.5.0",
      "resolved": "https://npm-proxy.dev.databricks.com/@clack/core/-/core-0.5.0.tgz",
      "integrity": "sha512-p3y0FIOwaYRUPRcMO7+dlmLh8PSRcrjuTndsiA0WAFbWES0mLZlrjVoBRZ9DzkPFJZG6KGkJmoEAY0ZcVWTkow==",
      "license": "MIT",
      "dependencies": {
        "picocolors": "^1.0.0",
        "sisteransi": "^1.0.5"
      }
    },
    "node_modules/@clack/prompts": {
      "version": "0.11.0",
      "resolved": "https://npm-proxy.dev.databricks.com/@clack/prompts/-/prompts-0.11.0.tgz",
      "integrity": "sha512-pMN5FcrEw9hUkZA4f+zLlzivQSeQf5dRGJjSUbvVYDLvpKCdQx5OaknvKzgbtXOizhP+SJJJjqEbOe55uKKfAw==",
      "license": "MIT",
      "dependencies": {
        "@clack/core": "0.5.0",
        "picocolors": "^1.0.0",
        "sisteransi": "^1.0.5"
      }
    },
    "node_modules/@notionhq/client": {
      "version": "5.23.2",
      "resolved": "https://npm-proxy.dev.databricks.com/@notionhq/client/-/client-5.23.2.tgz",
      "integrity": "sha512-iyD5VU9MoNxCR0GespotyrMlBpO4kLG+BaZK2JpZW1yfFqrmOYmZGb3wl4xqfq3n1Z9eekFwNcZD6t63SaESig==",
      "license": "MIT",
      "optional": true,
      "engines": {
        "node": ">=18"
      }
    },
    "node_modules/picocolors": {
      "version": "1.1.1",
      "resolved": "https://npm-proxy.dev.databricks.com/picocolors/-/picocolors-1.1.1.tgz",
      "integrity": "sha512-xceH2snhtb5M9liqDsmEw56le376mTZkEX/jEb/RxNFyegNul7eNslCXP9FDj/Lcu0X8KEyMceP2ntpaHrDEVA==",
      "license": "ISC"
    },
    "node_modules/sisteransi": {
      "version": "1.0.5",
      "resolved": "https://npm-proxy.dev.databricks.com/sisteransi/-/sisteransi-1.0.5.tgz",
      "integrity": "sha512-bLGGlR1QxBcynn2d5YmDX4MGjlZvy2MRBDRNHLJ8VI6l6+9FUiyTFNJ0IveOSP0bcXgVDPRcfGqA0pjaqUpfVg==",
      "license": "MIT"
    }
  }
}
